// !$*UTF8*$!
{
	archiveVersion = 1;
	classes = {
	};
	objectVersion = 77;
	objects = {

/* Begin PBXContainerItemProxy section */
		95C891422CB96CD900D873DE /* PBXContainerItemProxy */ = {
			isa = PBXContainerItemProxy;
			containerPortal = 95C891292CB96CD600D873DE /* Project object */;
			proxyType = 1;
			remoteGlobalIDString = 95C891302CB96CD600D873DE;
			remoteInfo = PhotoWorld;
		};
		95C8914C2CB96CD900D873DE /* PBXContainerItemProxy */ = {
			isa = PBXContainerItemProxy;
			containerPortal = 95C891292CB96CD600D873DE /* Project object */;
			proxyType = 1;
			remoteGlobalIDString = 95C891302CB96CD600D873DE;
			remoteInfo = PhotoWorld;
		};
/* End PBXContainerItemProxy section */

/* Begin PBXFileReference section */
		95C891312CB96CD600D873DE /* PhotoWorld.app */ = {isa = PBXFileReference; explicitFileType = wrapper.application; includeInIndex = 0; path = PhotoWorld.app; sourceTree = BUILT_PRODUCTS_DIR; };
		95C891412CB96CD900D873DE /* PhotoWorldTests.xctest */ = {isa = PBXFileReference; explicitFileType = wrapper.cfbundle; includeInIndex = 0; path = PhotoWorldTests.xctest; sourceTree = BUILT_PRODUCTS_DIR; };
		95C8914B2CB96CD900D873DE /* PhotoWorldUITests.xctest */ = {isa = PBXFileReference; explicitFileType = wrapper.cfbundle; includeInIndex = 0; path = PhotoWorldUITests.xctest; sourceTree = BUILT_PRODUCTS_DIR; };
/* End PBXFileReference section */

/* Begin PBXFileSystemSynchronizedBuildFileExceptionSet section */
		95C891712CB9857900D873DE /* Exceptions for "PhotoWorld" folder in "PhotoWorld" target */ = {
			isa = PBXFileSystemSynchronizedBuildFileExceptionSet;
			membershipExceptions = (
				Info.plist,
			);
			target = 95C891302CB96CD600D873DE /* PhotoWorld */;
		};
/* End PBXFileSystemSynchronizedBuildFileExceptionSet section */

/* Begin PBXFileSystemSynchronizedRootGroup section */
		95C891332CB96CD600D873DE /* PhotoWorld */ = {
			isa = PBXFileSystemSynchronizedRootGroup;
			exceptions = (
				95C891712CB9857900D873DE /* Exceptions for "PhotoWorld" folder in "PhotoWorld" target */,
			);
			path = PhotoWorld;
			sourceTree = "<group>";
		};
		95C891442CB96CD900D873DE /* PhotoWorldTests */ = {
			isa = PBXFileSystemSynchronizedRootGroup;
			path = PhotoWorldTests;
			sourceTree = "<group>";
		};
		95C8914E2CB96CD900D873DE /* PhotoWorldUITests */ = {
			isa = PBXFileSystemSynchronizedRootGroup;
			path = PhotoWorldUITests;
			sourceTree = "<group>";
		};
/* End PBXFileSystemSynchronizedRootGroup section */

/* Begin PBXFrameworksBuildPhase section */
		95C8912E2CB96CD600D873DE /* Frameworks */ = {
			isa = PBXFrameworksBuildPhase;
			buildActionMask = 2147483647;
			files = (
			);
			runOnlyForDeploymentPostprocessing = 0;
		};
		95C8913E2CB96CD900D873DE /* Frameworks */ = {
			isa = PBXFrameworksBuildPhase;
			buildActionMask = 2147483647;
			files = (
			);
			runOnlyForDeploymentPostprocessing = 0;
		};
		95C891482CB96CD900D873DE /* Frameworks */ = {
			isa = PBXFrameworksBuildPhase;
			buildActionMask = 2147483647;
			files = (
			);
			runOnlyForDeploymentPostprocessing = 0;
		};
/* End PBXFrameworksBuildPhase section */

/* Begin PBXGroup section */
		95C891282CB96CD600D873DE = {
			isa = PBXGroup;
			children = (
				95C891332CB96CD600D873DE /* PhotoWorld */,
				95C891442CB96CD900D873DE /* PhotoWorldTests */,
				95C8914E2CB96CD900D873DE /* PhotoWorldUITests */,
				95C891322CB96CD600D873DE /* Products */,
			);
			sourceTree = "<group>";
		};
		95C891322CB96CD600D873DE /* Products */ = {
			isa = PBXGroup;
			children = (
				95C891312CB96CD600D873DE /* PhotoWorld.app */,
				95C891412CB96CD900D873DE /* PhotoWorldTests.xctest */,
				95C8914B2CB96CD900D873DE /* PhotoWorldUITests.xctest */,
			);
			name = Products;
			sourceTree = "<group>";
		};
/* End PBXGroup section */

/* Begin PBXNativeTarget section */
		95C891302CB96CD600D873DE /* PhotoWorld */ = {
			isa = PBXNativeTarget;
			buildConfigurationList = 95C891552CB96CD900D873DE /* Build configuration list for PBXNativeTarget "PhotoWorld" */;
			buildPhases = (
				95C8912D2CB96CD600D873DE /* Sources */,
				95C8912E2CB96CD600D873DE /* Frameworks */,
				95C8912F2CB96CD600D873DE /* Resources */,
			);
			buildRules = (
			);
			dependencies = (
			);
			fileSystemSynchronizedGroups = (
				95C891332CB96CD600D873DE /* PhotoWorld */,
			);
			name = PhotoWorld;
			packageProductDependencies = (
			);
			productName = PhotoWorld;
			productReference = 95C891312CB96CD600D873DE /* PhotoWorld.app */;
			productType = "com.apple.product-type.application";
		};
		95C891402CB96CD900D873DE /* PhotoWorldTests */ = {
			isa = PBXNativeTarget;
			buildConfigurationList = 95C891582CB96CD900D873DE /* Build configuration list for PBXNativeTarget "PhotoWorldTests" */;
			buildPhases = (
				95C8913D2CB96CD900D873DE /* Sources */,
				95C8913E2CB96CD900D873DE /* Frameworks */,
				95C8913F2CB96CD900D873DE /* Resources */,
			);
			buildRules = (
			);
			dependencies = (
				95C891432CB96CD900D873DE /* PBXTargetDependency */,
			);
			fileSystemSynchronizedGroups = (
				95C891442CB96CD900D873DE /* PhotoWorldTests */,
			);
			name = PhotoWorldTests;
			packageProductDependencies = (
			);
			productName = PhotoWorldTests;
			productReference = 95C891412CB96CD900D873DE /* PhotoWorldTests.xctest */;
			productType = "com.apple.product-type.bundle.unit-test";
		};
		95C8914A2CB96CD900D873DE /* PhotoWorldUITests */ = {
			isa = PBXNativeTarget;
			buildConfigurationList = 95C8915B2CB96CD900D873DE /* Build configuration list for PBXNativeTarget "PhotoWorldUITests" */;
			buildPhases = (
				95C891472CB96CD900D873DE /* Sources */,
				95C891482CB96CD900D873DE /* Frameworks */,
				95C891492CB96CD900D873DE /* Resources */,
			);
			buildRules = (
			);
			dependencies = (
				95C8914D2CB96CD900D873DE /* PBXTargetDependency */,
			);
			fileSystemSynchronizedGroups = (
				95C8914E2CB96CD900D873DE /* PhotoWorldUITests */,
			);
			name = PhotoWorldUITests;
			packageProductDependencies = (
			);
			productName = PhotoWorldUITests;
			productReference = 95C8914B2CB96CD900D873DE /* PhotoWorldUITests.xctest */;
			productType = "com.apple.product-type.bundle.ui-testing";
		};
/* End PBXNativeTarget section */

/* Begin PBXProject section */
		95C891292CB96CD600D873DE /* Project object */ = {
			isa = PBXProject;
			attributes = {
				BuildIndependentTargetsInParallel = 1;
				LastSwiftUpdateCheck = 1600;
				LastUpgradeCheck = 1600;
				TargetAttributes = {
					95C891302CB96CD600D873DE = {
						CreatedOnToolsVersion = 16.0;
					};
					95C891402CB96CD900D873DE = {
						CreatedOnToolsVersion = 16.0;
						TestTargetID = 95C891302CB96CD600D873DE;
					};
					95C8914A2CB96CD900D873DE = {
						CreatedOnToolsVersion = 16.0;
						TestTargetID = 95C891302CB96CD600D873DE;
					};
				};
			};
			buildConfigurationList = 95C8912C2CB96CD600D873DE /* Build configuration list for PBXProject "PhotoWorld" */;
			developmentRegion = en;
			hasScannedForEncodings = 0;
			knownRegions = (
				en,
				Base,
			);
			mainGroup = 95C891282CB96CD600D873DE;
			minimizedProjectReferenceProxies = 1;
			preferredProjectObjectVersion = 77;
			productRefGroup = 95C891322CB96CD600D873DE /* Products */;
			projectDirPath = "";
			projectRoot = "";
			targets = (
				95C891302CB96CD600D873DE /* PhotoWorld */,
				95C891402CB96CD900D873DE /* PhotoWorldTests */,
				95C8914A2CB96CD900D873DE /* PhotoWorldUITests */,
			);
		};
/* End PBXProject section */

/* Begin PBXResourcesBuildPhase section */
		95C8912F2CB96CD600D873DE /* Resources */ = {
			isa = PBXResourcesBuildPhase;
			buildActionMask = 2147483647;
			files = (
			);
			runOnlyForDeploymentPostprocessing = 0;
		};
		95C8913F2CB96CD900D873DE /* Resources */ = {
			isa = PBXResourcesBuildPhase;
			buildActionMask = 2147483647;
			files = (
			);
			runOnlyForDeploymentPostprocessing = 0;
		};
		95C891492CB96CD900D873DE /* Resources */ = {
			isa = PBXResourcesBuildPhase;
			buildActionMask = 2147483647;
			files = (
			);
			runOnlyForDeploymentPostprocessing = 0;
		};
/* End PBXResourcesBuildPhase section */

/* Begin PBXSourcesBuildPhase section */
		95C8912D2CB96CD600D873DE /* Sources */ = {
			isa = PBXSourcesBuildPhase;
			buildActionMask = 2147483647;
			files = (
			);
			runOnlyForDeploymentPostprocessing = 0;
		};
		95C8913D2CB96CD900D873DE /* Sources */ = {
			isa = PBXSourcesBuildPhase;
			buildActionMask = 2147483647;
			files = (
			);
			runOnlyForDeploymentPostprocessing = 0;
		};
		95C891472CB96CD900D873DE /* Sources */ = {
			isa = PBXSourcesBuildPhase;
			buildActionMask = 2147483647;
			files = (
			);
			runOnlyForDeploymentPostprocessing = 0;
		};
/* End PBXSourcesBuildPhase section */

/* Begin PBXTargetDependency section */
		95C891432CB96CD900D873DE /* PBXTargetDependency */ = {
			isa = PBXTargetDependency;
			target = 95C891302CB96CD600D873DE /* PhotoWorld */;
			targetProxy = 95C891422CB96CD900D873DE /* PBXContainerItemProxy */;
		};
		95C8914D2CB96CD900D873DE /* PBXTargetDependency */ = {
			isa = PBXTargetDependency;
			target = 95C891302CB96CD600D873DE /* PhotoWorld */;
			targetProxy = 95C8914C2CB96CD900D873DE /* PBXContainerItemProxy */;
		};
/* End PBXTargetDependency section */

/* Begin XCBuildConfiguration section */
		95C891532CB96CD900D873DE /* Debug */ = {
			isa = XCBuildConfiguration;
			buildSettings = {
				ALWAYS_SEARCH_USER_PATHS = NO;
				ASSETCATALOG_COMPILER_GENERATE_SWIFT_ASSET_SYMBOL_EXTENSIONS = YES;
				CLANG_ANALYZER_NONNULL = YES;
				CLANG_ANALYZER_NUMBER_OBJECT_CONVERSION = YES_AGGRESSIVE;
				CLANG_CXX_LANGUAGE_STANDARD = "gnu++20";
				CLANG_ENABLE_MODULES = YES;
				CLANG_ENABLE_OBJC_ARC = YES;
				CLANG_ENABLE_OBJC_WEAK = YES;
				CLANG_WARN_BLOCK_CAPTURE_AUTORELEASING = YES;
				CLANG_WARN_BOOL_CONVERSION = YES;
				CLANG_WARN_COMMA = YES;
				CLANG_WARN_CONSTANT_CONVERSION = YES;
				CLANG_WARN_DEPRECATED_OBJC_IMPLEMENTATIONS = YES;
				CLANG_WARN_DIRECT_OBJC_ISA_USAGE = YES_ERROR;
				CLANG_WARN_DOCUMENTATION_COMMENTS = YES;
				CLANG_WARN_EMPTY_BODY = YES;
				CLANG_WARN_ENUM_CONVERSION = YES;
				CLANG_WARN_INFINITE_RECURSION = YES;
				CLANG_WARN_INT_CONVERSION = YES;
				CLANG_WARN_NON_LITERAL_NULL_CONVERSION = YES;
				CLANG_WARN_OBJC_IMPLICIT_RETAIN_SELF = YES;
				CLANG_WARN_OBJC_LITERAL_CONVERSION = YES;
				CLANG_WARN_OBJC_ROOT_CLASS = YES_ERROR;
				CLANG_WARN_QUOTED_INCLUDE_IN_FRAMEWORK_HEADER = YES;
				CLANG_WARN_RANGE_LOOP_ANALYSIS = YES;
				CLANG_WARN_STRICT_PROTOTYPES = YES;
				CLANG_WARN_SUSPICIOUS_MOVE = YES;
				CLANG_WARN_UNGUARDED_AVAILABILITY = YES_AGGRESSIVE;
				CLANG_WARN_UNREACHABLE_CODE = YES;
				CLANG_WARN__DUPLICATE_METHOD_MATCH = YES;
				COPY_PHASE_STRIP = NO;
				DEBUG_INFORMATION_FORMAT = dwarf;
				ENABLE_STRICT_OBJC_MSGSEND = YES;
				ENABLE_TESTABILITY = YES;
				ENABLE_USER_SCRIPT_SANDBOXING = YES;
				GCC_C_LANGUAGE_STANDARD = gnu17;
				GCC_DYNAMIC_NO_PIC = NO;
				GCC_NO_COMMON_BLOCKS = YES;
				GCC_OPTIMIZATION_LEVEL = 0;
				GCC_PREPROCESSOR_DEFINITIONS = (
					"DEBUG=1",
					"$(inherited)",
				);
				GCC_WARN_64_TO_32_BIT_CONVERSION = YES;
				GCC_WARN_ABOUT_RETURN_TYPE = YES_ERROR;
				GCC_WARN_UNDECLARED_SELECTOR = YES;
				GCC_WARN_UNINITIALIZED_AUTOS = YES_AGGRESSIVE;
				GCC_WARN_UNUSED_FUNCTION = YES;
				GCC_WARN_UNUSED_VARIABLE = YES;
				IPHONEOS_DEPLOYMENT_TARGET = 18.0;
				LOCALIZATION_PREFERS_STRING_CATALOGS = YES;
				MTL_ENABLE_DEBUG_INFO = INCLUDE_SOURCE;
				MTL_FAST_MATH = YES;
				ONLY_ACTIVE_ARCH = YES;
				SDKROOT = iphoneos;
				SWIFT_ACTIVE_COMPILATION_CONDITIONS = "DEBUG $(inherited)";
				SWIFT_OPTIMIZATION_LEVEL = "-Onone";
			};
			name = Debug;
		};
		95C891542CB96CD900D873DE /* Release */ = {
			isa = XCBuildConfiguration;
			buildSettings = {
				ALWAYS_SEARCH_USER_PATHS = NO;
				ASSETCATALOG_COMPILER_GENERATE_SWIFT_ASSET_SYMBOL_EXTENSIONS = YES;
				CLANG_ANALYZER_NONNULL = YES;
				CLANG_ANALYZER_NUMBER_OBJECT_CONVERSION = YES_AGGRESSIVE;
				CLANG_CXX_LANGUAGE_STANDARD = "gnu++20";
				CLANG_ENABLE_MODULES = YES;
				CLANG_ENABLE_OBJC_ARC = YES;
				CLANG_ENABLE_OBJC_WEAK = YES;
				CLANG_WARN_BLOCK_CAPTURE_AUTORELEASING = YES;
				CLANG_WARN_BOOL_CONVERSION = YES;
				CLANG_WARN_COMMA = YES;
				CLANG_WARN_CONSTANT_CONVERSION = YES;
				CLANG_WARN_DEPRECATED_OBJC_IMPLEMENTATIONS = YES;
				CLANG_WARN_DIRECT_OBJC_ISA_USAGE = YES_ERROR;
				CLANG_WARN_DOCUMENTATION_COMMENTS = YES;
				CLANG_WARN_EMPTY_BODY = YES;
				CLANG_WARN_ENUM_CONVERSION = YES;
				CLANG_WARN_INFINITE_RECURSION = YES;
				CLANG_WARN_INT_CONVERSION = YES;
				CLANG_WARN_NON_LITERAL_NULL_CONVERSION = YES;
				CLANG_WARN_OBJC_IMPLICIT_RETAIN_SELF = YES;
				CLANG_WARN_OBJC_LITERAL_CONVERSION = YES;
				CLANG_WARN_OBJC_ROOT_CLASS = YES_ERROR;
				CLANG_WARN_QUOTED_INCLUDE_IN_FRAMEWORK_HEADER = YES;
				CLANG_WARN_RANGE_LOOP_ANALYSIS = YES;
				CLANG_WARN_STRICT_PROTOTYPES = YES;
				CLANG_WARN_SUSPICIOUS_MOVE = YES;
				CLANG_WARN_UNGUARDED_AVAILABILITY = YES_AGGRESSIVE;
				CLANG_WARN_UNREACHABLE_CODE = YES;
				CLANG_WARN__DUPLICATE_METHOD_MATCH = YES;
				COPY_PHASE_STRIP = NO;
				DEBUG_INFORMATION_FORMAT = "dwarf-with-dsym";
				ENABLE_NS_ASSERTIONS = NO;
				ENABLE_STRICT_OBJC_MSGSEND = YES;
				ENABLE_USER_SCRIPT_SANDBOXING = YES;
				GCC_C_LANGUAGE_STANDARD = gnu17;
				GCC_NO_COMMON_BLOCKS = YES;
				GCC_WARN_64_TO_32_BIT_CONVERSION = YES;
				GCC_WARN_ABOUT_RETURN_TYPE = YES_ERROR;
				GCC_WARN_UNDECLARED_SELECTOR = YES;
				GCC_WARN_UNINITIALIZED_AUTOS = YES_AGGRESSIVE;
				GCC_WARN_UNUSED_FUNCTION = YES;
				GCC_WARN_UNUSED_VARIABLE = YES;
				IPHONEOS_DEPLOYMENT_TARGET = 18.0;
				LOCALIZATION_PREFERS_STRING_CATALOGS = YES;
				MTL_ENABLE_DEBUG_INFO = NO;
				MTL_FAST_MATH = YES;
				SDKROOT = iphoneos;
				SWIFT_COMPILATION_MODE = wholemodule;
				VALIDATE_PRODUCT = YES;
			};
			name = Release;
		};
		95C891562CB96CD900D873DE /* Debug */ = {
			isa = XCBuildConfiguration;
			buildSettings = {
				ASSETCATALOG_COMPILER_APPICON_NAME = AppIcon;
				ASSETCATALOG_COMPILER_GLOBAL_ACCENT_COLOR_NAME = AccentColor;
				CODE_SIGN_STYLE = Automatic;
				CURRENT_PROJECT_VERSION = 1;
				DEVELOPMENT_ASSET_PATHS = "\"PhotoWorld/Preview Content\"";
				DEVELOPMENT_TEAM = 5F93SMYAKP;
				ENABLE_PREVIEWS = YES;
				GENERATE_INFOPLIST_FILE = YES;
				INFOPLIST_FILE = PhotoWorld/Info.plist;
				INFOPLIST_KEY_UIApplicationSceneManifest_Generation = YES;
				INFOPLIST_KEY_UIApplicationSupportsIndirectInputEvents = YES;
				INFOPLIST_KEY_UILaunchScreen_Generation = YES;
				INFOPLIST_KEY_UISupportedInterfaceOrientations_iPad = "UIInterfaceOrientationPortrait UIInterfaceOrientationPortraitUpsideDown UIInterfaceOrientationLandscapeLeft UIInterfaceOrientationLandscapeRight";
				INFOPLIST_KEY_UISupportedInterfaceOrientations_iPhone = "UIInterfaceOrientationPortrait UIInterfaceOrientationLandscapeLeft UIInterfaceOrientationLandscapeRight";
				LD_RUNPATH_SEARCH_PATHS = (
					"$(inherited)",
					"@executable_path/Frameworks",
				);
				MARKETING_VERSION = 1.0;
				PRODUCT_BUNDLE_IDENTIFIER = com.yolimaPereira.PhotoWorld;
				PRODUCT_NAME = "$(TARGET_NAME)";
				SWIFT_EMIT_LOC_STRINGS = YES;
				SWIFT_VERSION = 5.0;
				TARGETED_DEVICE_FAMILY = "1,2";
			};
			name = Debug;
		};
		95C891572CB96CD900D873DE /* Release */ = {
			isa = XCBuildConfiguration;
			buildSettings = {
				ASSETCATALOG_COMPILER_APPICON_NAME = AppIcon;
				ASSETCATALOG_COMPILER_GLOBAL_ACCENT_COLOR_NAME = AccentColor;
				CODE_SIGN_STYLE = Automatic;
				CURRENT_PROJECT_VERSION = 1;
				DEVELOPMENT_ASSET_PATHS = "\"PhotoWorld/Preview Content\"";
				DEVELOPMENT_TEAM = 5F93SMYAKP;
				ENABLE_PREVIEWS = YES;
				GENERATE_INFOPLIST_FILE = YES;
				INFOPLIST_FILE = PhotoWorld/Info.plist;
				INFOPLIST_KEY_UIApplicationSceneManifest_Generation = YES;
				INFOPLIST_KEY_UIApplicationSupportsIndirectInputEvents = YES;
				INFOPLIST_KEY_UILaunchScreen_Generation = YES;
				INFOPLIST_KEY_UISupportedInterfaceOrientations_iPad = "UIInterfaceOrientationPortrait UIInterfaceOrientationPortraitUpsideDown UIInterfaceOrientationLandscapeLeft UIInterfaceOrientationLandscapeRight";
				INFOPLIST_KEY_UISupportedInterfaceOrientations_iPhone = "UIInterfaceOrientationPortrait UIInterfaceOrientationLandscapeLeft UIInterfaceOrientationLandscapeRight";
				LD_RUNPATH_SEARCH_PATHS = (
					"$(inherited)",
					"@executable_path/Frameworks",
				);
				MARKETING_VERSION = 1.0;
				PRODUCT_BUNDLE_IDENTIFIER = com.yolimaPereira.PhotoWorld;
				PRODUCT_NAME = "$(TARGET_NAME)";
				SWIFT_EMIT_LOC_STRINGS = YES;
				SWIFT_VERSION = 5.0;
				TARGETED_DEVICE_FAMILY = "1,2";
			};
			name = Release;
		};
		95C891592CB96CD900D873DE /* Debug */ = {
			isa = XCBuildConfiguration;
			buildSettings = {
				BUNDLE_LOADER = "$(TEST_HOST)";
				CODE_SIGN_STYLE = Automatic;
				CURRENT_PROJECT_VERSION = 1;
				GENERATE_INFOPLIST_FILE = YES;
				IPHONEOS_DEPLOYMENT_TARGET = 18.0;
				MARKETING_VERSION = 1.0;
				PRODUCT_BUNDLE_IDENTIFIER = com.yolimaPereira.PhotoWorldTests;
				PRODUCT_NAME = "$(TARGET_NAME)";
				SWIFT_EMIT_LOC_STRINGS = NO;
				SWIFT_VERSION = 5.0;
				TARGETED_DEVICE_FAMILY = "1,2";
				TEST_HOST = "$(BUILT_PRODUCTS_DIR)/PhotoWorld.app/$(BUNDLE_EXECUTABLE_FOLDER_PATH)/PhotoWorld";
			};
			name = Debug;
		};
		95C8915A2CB96CD900D873DE /* Release */ = {
			isa = XCBuildConfiguration;
			buildSettings = {
				BUNDLE_LOADER = "$(TEST_HOST)";
				CODE_SIGN_STYLE = Automatic;
				CURRENT_PROJECT_VERSION = 1;
				GENERATE_INFOPLIST_FILE = YES;
				IPHONEOS_DEPLOYMENT_TARGET = 18.0;
				MARKETING_VERSION = 1.0;
				PRODUCT_BUNDLE_IDENTIFIER = com.yolimaPereira.PhotoWorldTests;
				PRODUCT_NAME = "$(TARGET_NAME)";
				SWIFT_EMIT_LOC_STRINGS = NO;
				SWIFT_VERSION = 5.0;
				TARGETED_DEVICE_FAMILY = "1,2";
				TEST_HOST = "$(BUILT_PRODUCTS_DIR)/PhotoWorld.app/$(BUNDLE_EXECUTABLE_FOLDER_PATH)/PhotoWorld";
			};
			name = Release;
		};
		95C8915C2CB96CD900D873DE /* Debug */ = {
			isa = XCBuildConfiguration;
			buildSettings = {
				CODE_SIGN_STYLE = Automatic;
				CURRENT_PROJECT_VERSION = 1;
				GENERATE_INFOPLIST_FILE = YES;
				MARKETING_VERSION = 1.0;
				PRODUCT_BUNDLE_IDENTIFIER = com.yolimaPereira.PhotoWorldUITests;
				PRODUCT_NAME = "$(TARGET_NAME)";
				SWIFT_EMIT_LOC_STRINGS = NO;
				SWIFT_VERSION = 5.0;
				TARGETED_DEVICE_FAMILY = "1,2";
				TEST_TARGET_NAME = PhotoWorld;
			};
			name = Debug;
		};
		95C8915D2CB96CD900D873DE /* Release */ = {
			isa = XCBuildConfiguration;
			buildSettings = {
				CODE_SIGN_STYLE = Automatic;
				CURRENT_PROJECT_VERSION = 1;
				GENERATE_INFOPLIST_FILE = YES;
				MARKETING_VERSION = 1.0;
				PRODUCT_BUNDLE_IDENTIFIER = com.yolimaPereira.PhotoWorldUITests;
				PRODUCT_NAME = "$(TARGET_NAME)";
				SWIFT_EMIT_LOC_STRINGS = NO;
				SWIFT_VERSION = 5.0;
				TARGETED_DEVICE_FAMILY = "1,2";
				TEST_TARGET_NAME = PhotoWorld;
			};
			name = Release;
		};
/* End XCBuildConfiguration section */

/* Begin XCConfigurationList section */
		95C8912C2CB96CD600D873DE /* Build configuration list for PBXProject "PhotoWorld" */ = {
			isa = XCConfigurationList;
			buildConfigurations = (
				95C891532CB96CD900D873DE /* Debug */,
				95C891542CB96CD900D873DE /* Release */,
			);
			defaultConfigurationIsVisible = 0;
			defaultConfigurationName = Release;
		};
		95C891552CB96CD900D873DE /* Build configuration list for PBXNativeTarget "PhotoWorld" */ = {
			isa = XCConfigurationList;
			buildConfigurations = (
				95C891562CB96CD900D873DE /* Debug */,
				95C891572CB96CD900D873DE /* Release */,
			);
			defaultConfigurationIsVisible = 0;
			defaultConfigurationName = Release;
		};
		95C891582CB96CD900D873DE /* Build configuration list for PBXNativeTarget "PhotoWorldTests" */ = {
			isa = XCConfigurationList;
			buildConfigurations = (
				95C891592CB96CD900D873DE /* Debug */,
				95C8915A2CB96CD900D873DE /* Release */,
			);
			defaultConfigurationIsVisible = 0;
			defaultConfigurationName = Release;
		};
		95C8915B2CB96CD900D873DE /* Build configuration list for PBXNativeTarget "PhotoWorldUITests" */ = {
			isa = XCConfigurationList;
			buildConfigurations = (
				95C8915C2CB96CD900D873DE /* Debug */,
				95C8915D2CB96CD900D873DE /* Release */,
			);
			defaultConfigurationIsVisible = 0;
			defaultConfigurationName = Release;
		};
/* End XCConfigurationList section */
	};
	rootObject = 95C891292CB96CD600D873DE /* Project object */;
}
